
Microsoft Visual Studio Solution File, Format Version 12.00
# Visual Studio Version 17
VisualStudioVersion = 17.9.34714.143
MinimumVisualStudioVersion = 10.0.40219.1
Project("{FAE04EC0-301F-11D3-BF4B-00C04F79EFBC}") = "LaptopPrice-AI", "LaptopPrice-AI\LaptopPrice-AI.csproj", "{14F65F09-30F7-41C9-9F5A-4E45A7AAB6C1}"
EndProject
Global
	GlobalSection(SolutionConfigurationPlatforms) = preSolution
		Debug|Any CPU = Debug|Any CPU
		Release|Any CPU = Release|Any CPU
	EndGlobalSection
	GlobalSection(ProjectConfigurationPlatforms) = postSolution
		{14F65F09-30F7-41C9-9F5A-4E45A7AAB6C1}.Debug|Any CPU.ActiveCfg = Debug|Any CPU
		{14F65F09-30F7-41C9-9F5A-4E45A7AAB6C1}.Debug|Any CPU.Build.0 = Debug|Any CPU
		{14F65F09-30F7-41C9-9F5A-4E45A7AAB6C1}.Release|Any CPU.ActiveCfg = Release|Any CPU
		{14F65F09-30F7-41C9-9F5A-4E45A7AAB6C1}.Release|Any CPU.Build.0 = Release|Any CPU
	EndGlobalSection
	GlobalSection(SolutionProperties) = preSolution
		HideSolutionNode = FALSE
	EndGlobalSection
	GlobalSection(ExtensibilityGlobals) = postSolution
		SolutionGuid = {A0D0FFD7-69B2-4A74-B62E-2B33050104A3}
	EndGlobalSection
EndGlobal
